# This file is automatically @generated by Cargo.
# It is not intended for manual editing.
version = 3

[[package]]
name = "data_type"
version = "0.1.0"

[[package]]
name = "enum_define"
version = "0.1.0"

[[package]]
name = "function"
version = "0.1.0"

[[package]]
name = "function_param"
version = "0.1.0"

[[package]]
name = "hello_world"
version = "0.1.0"

[[package]]
name = "if_let"
version = "0.1.0"

[[package]]
name = "loop_structure"
version = "0.1.0"

[[package]]
name = "match_use"
version = "0.1.0"

[[package]]
name = "module_and_file"
version = "0.1.0"

[[package]]
name = "move_feature"
version = "0.1.0"

[[package]]
name = "option"
version = "0.1.0"

[[package]]
name = "package_crate_module_usage"
version = "0.1.0"

[[package]]
name = "package_usage"
version = "0.1.0"

[[package]]
name = "path"
version = "0.1.0"

[[package]]
name = "pub_use"
version = "0.1.0"

[[package]]
name = "scope"
version = "0.1.0"

[[package]]
name = "string"
version = "0.1.0"

[[package]]
name = "struct_basic"
version = "0.1.0"

[[package]]
name = "struct_example"
version = "0.1.0"

[[package]]
name = "struct_methods"
version = "0.1.0"

[[package]]
name = "super_pub_struct_enum"
version = "0.1.0"

[[package]]
name = "tuple_struct"
version = "0.1.0"

[[package]]
name = "use_keyword"
version = "0.1.0"
